
Microsoft Visual Studio Solution File, Format Version 12.00
# Visual Studio Version 16
VisualStudioVersion = 16.0.29418.71
MinimumVisualStudioVersion = 10.0.40219.1
Project("{FAE04EC0-301F-11D3-BF4B-00C04F79EFBC}") = "SparseArray", "DataStructures\SparseArray\SparseArray.csproj", "{584F589A-8522-400C-B047-63E47574979E}"
EndProject
Project("{FAE04EC0-301F-11D3-BF4B-00C04F79EFBC}") = "Queue", "DataStructures\Queue\Queue.csproj", "{F3672E99-6112-4034-95CF-F763C58A1E07}"
EndProject
Project("{FAE04EC0-301F-11D3-BF4B-00C04F79EFBC}") = "LinkedList", "DataStructures\LinkedList\LinkedList.csproj", "{ECE742CE-0A12-4E10-86FA-FEA69138C184}"
EndProject
Project("{FAE04EC0-301F-11D3-BF4B-00C04F79EFBC}") = "Stack", "DataStructures\Stack\Stack.csproj", "{F783588D-AFF1-4400-AA38-BD025C475016}"
EndProject
Project("{FAE04EC0-301F-11D3-BF4B-00C04F79EFBC}") = "Recursion", "DataStructures\Recursion\Recursion.csproj", "{1034F592-ADE0-4714-9A0B-D171A461C92E}"
EndProject
Project("{FAE04EC0-301F-11D3-BF4B-00C04F79EFBC}") = "Sort", "DataStructures\Sort\Sort.csproj", "{221C534D-42F9-4B5A-8E2D-EC5A9C696921}"
EndProject
Project("{FAE04EC0-301F-11D3-BF4B-00C04F79EFBC}") = "HashTable", "DataStructures\HashTable\HashTable.csproj", "{9E000DCE-E0AA-414F-9C10-1AE65B61C787}"
EndProject
Project("{FAE04EC0-301F-11D3-BF4B-00C04F79EFBC}") = "Tree", "DataStructures\Tree\Tree.csproj", "{96759AF8-67E9-4E17-95A5-4AF8CBFF2FB1}"
EndProject
Project("{FAE04EC0-301F-11D3-BF4B-00C04F79EFBC}") = "Graph", "DataStructures\Graph\Graph.csproj", "{CA760224-521A-4B38-8DE5-D7D949C1F439}"
EndProject
Project("{2150E333-8FDC-42A3-9474-1A3956D46DE8}") = "DataStructures", "DataStructures", "{D47F6A9E-F035-476D-94B6-1DB29E98D10B}"
EndProject
Project("{2150E333-8FDC-42A3-9474-1A3956D46DE8}") = "Algorithms", "Algorithms", "{21964C4A-6E37-4A07-907E-DA09272BBC9A}"
EndProject
Project("{FAE04EC0-301F-11D3-BF4B-00C04F79EFBC}") = "AStarAlgorithm", "Algorithms\AStarAlgorithm\AStarAlgorithm.csproj", "{A2DD0255-29E8-4824-81A2-079987619A47}"
EndProject
Project("{FAE04EC0-301F-11D3-BF4B-00C04F79EFBC}") = "BinarySearchNoRecur", "Algorithms\BinarySearchNoRecur\BinarySearchNoRecur.csproj", "{67352173-A18C-4AE1-B55C-FDB5F094918A}"
EndProject
Project("{FAE04EC0-301F-11D3-BF4B-00C04F79EFBC}") = "DivideAndConquer", "Algorithms\DivideAndConquer\DivideAndConquer.csproj", "{100992D8-CEAA-4C63-BBC6-37B3D3E1C418}"
EndProject
Project("{FAE04EC0-301F-11D3-BF4B-00C04F79EFBC}") = "Dynamic", "Algorithms\Dynamic\Dynamic.csproj", "{EFA7B847-A481-4811-AA19-2F00E46E3654}"
EndProject
Project("{FAE04EC0-301F-11D3-BF4B-00C04F79EFBC}") = "FloydAlgorithm", "Algorithms\FloydAlgorithm\FloydAlgorithm.csproj", "{7877F9AD-5796-4BC3-8DDB-9E27A66ED816}"
EndProject
Project("{FAE04EC0-301F-11D3-BF4B-00C04F79EFBC}") = "GreedyAlgorithm", "Algorithms\GreedyAlgorithm\GreedyAlgorithm.csproj", "{C96740F7-3464-461E-A73E-E5F208F450E5}"
EndProject
Project("{FAE04EC0-301F-11D3-BF4B-00C04F79EFBC}") = "HorseChess", "Algorithms\HorseChess\HorseChess.csproj", "{6AE3A01C-E0C5-4964-B433-49F5567C5269}"
EndProject
Project("{FAE04EC0-301F-11D3-BF4B-00C04F79EFBC}") = "KMPAlgorithm", "Algorithms\KMPAlgorithm\KMPAlgorithm.csproj", "{A2B77A2B-EACC-48BD-8072-088F382816EE}"
EndProject
Project("{FAE04EC0-301F-11D3-BF4B-00C04F79EFBC}") = "KruskalCaseAlgorithm", "Algorithms\KruskalCaseAlgorithm\KruskalCaseAlgorithm.csproj", "{2E0466D9-43C2-4800-A126-4C8B2D11F157}"
EndProject
Project("{FAE04EC0-301F-11D3-BF4B-00C04F79EFBC}") = "PrimAlgorithm", "Algorithms\PrimAlgorithm\PrimAlgorithm.csproj", "{B3F0941F-513F-47F0-92E5-72798774FD77}"
EndProject
Global
	GlobalSection(SolutionConfigurationPlatforms) = preSolution
		Debug|Any CPU = Debug|Any CPU
		Release|Any CPU = Release|Any CPU
	EndGlobalSection
	GlobalSection(ProjectConfigurationPlatforms) = postSolution
		{584F589A-8522-400C-B047-63E47574979E}.Debug|Any CPU.ActiveCfg = Debug|Any CPU
		{584F589A-8522-400C-B047-63E47574979E}.Debug|Any CPU.Build.0 = Debug|Any CPU
		{584F589A-8522-400C-B047-63E47574979E}.Release|Any CPU.ActiveCfg = Release|Any CPU
		{584F589A-8522-400C-B047-63E47574979E}.Release|Any CPU.Build.0 = Release|Any CPU
		{F3672E99-6112-4034-95CF-F763C58A1E07}.Debug|Any CPU.ActiveCfg = Debug|Any CPU
		{F3672E99-6112-4034-95CF-F763C58A1E07}.Debug|Any CPU.Build.0 = Debug|Any CPU
		{F3672E99-6112-4034-95CF-F763C58A1E07}.Release|Any CPU.ActiveCfg = Release|Any CPU
		{F3672E99-6112-4034-95CF-F763C58A1E07}.Release|Any CPU.Build.0 = Release|Any CPU
		{ECE742CE-0A12-4E10-86FA-FEA69138C184}.Debug|Any CPU.ActiveCfg = Debug|Any CPU
		{ECE742CE-0A12-4E10-86FA-FEA69138C184}.Debug|Any CPU.Build.0 = Debug|Any CPU
		{ECE742CE-0A12-4E10-86FA-FEA69138C184}.Release|Any CPU.ActiveCfg = Release|Any CPU
		{ECE742CE-0A12-4E10-86FA-FEA69138C184}.Release|Any CPU.Build.0 = Release|Any CPU
		{F783588D-AFF1-4400-AA38-BD025C475016}.Debug|Any CPU.ActiveCfg = Debug|Any CPU
		{F783588D-AFF1-4400-AA38-BD025C475016}.Debug|Any CPU.Build.0 = Debug|Any CPU
		{F783588D-AFF1-4400-AA38-BD025C475016}.Release|Any CPU.ActiveCfg = Release|Any CPU
		{F783588D-AFF1-4400-AA38-BD025C475016}.Release|Any CPU.Build.0 = Release|Any CPU
		{1034F592-ADE0-4714-9A0B-D171A461C92E}.Debug|Any CPU.ActiveCfg = Debug|Any CPU
		{1034F592-ADE0-4714-9A0B-D171A461C92E}.Debug|Any CPU.Build.0 = Debug|Any CPU
		{1034F592-ADE0-4714-9A0B-D171A461C92E}.Release|Any CPU.ActiveCfg = Release|Any CPU
		{1034F592-ADE0-4714-9A0B-D171A461C92E}.Release|Any CPU.Build.0 = Release|Any CPU
		{221C534D-42F9-4B5A-8E2D-EC5A9C696921}.Debug|Any CPU.ActiveCfg = Debug|Any CPU
		{221C534D-42F9-4B5A-8E2D-EC5A9C696921}.Debug|Any CPU.Build.0 = Debug|Any CPU
		{221C534D-42F9-4B5A-8E2D-EC5A9C696921}.Release|Any CPU.ActiveCfg = Release|Any CPU
		{221C534D-42F9-4B5A-8E2D-EC5A9C696921}.Release|Any CPU.Build.0 = Release|Any CPU
		{9E000DCE-E0AA-414F-9C10-1AE65B61C787}.Debug|Any CPU.ActiveCfg = Debug|Any CPU
		{9E000DCE-E0AA-414F-9C10-1AE65B61C787}.Debug|Any CPU.Build.0 = Debug|Any CPU
		{9E000DCE-E0AA-414F-9C10-1AE65B61C787}.Release|Any CPU.ActiveCfg = Release|Any CPU
		{9E000DCE-E0AA-414F-9C10-1AE65B61C787}.Release|Any CPU.Build.0 = Release|Any CPU
		{96759AF8-67E9-4E17-95A5-4AF8CBFF2FB1}.Debug|Any CPU.ActiveCfg = Debug|Any CPU
		{96759AF8-67E9-4E17-95A5-4AF8CBFF2FB1}.Debug|Any CPU.Build.0 = Debug|Any CPU
		{96759AF8-67E9-4E17-95A5-4AF8CBFF2FB1}.Release|Any CPU.ActiveCfg = Release|Any CPU
		{96759AF8-67E9-4E17-95A5-4AF8CBFF2FB1}.Release|Any CPU.Build.0 = Release|Any CPU
		{CA760224-521A-4B38-8DE5-D7D949C1F439}.Debug|Any CPU.ActiveCfg = Debug|Any CPU
		{CA760224-521A-4B38-8DE5-D7D949C1F439}.Debug|Any CPU.Build.0 = Debug|Any CPU
		{CA760224-521A-4B38-8DE5-D7D949C1F439}.Release|Any CPU.ActiveCfg = Release|Any CPU
		{CA760224-521A-4B38-8DE5-D7D949C1F439}.Release|Any CPU.Build.0 = Release|Any CPU
		{A2DD0255-29E8-4824-81A2-079987619A47}.Debug|Any CPU.ActiveCfg = Debug|Any CPU
		{A2DD0255-29E8-4824-81A2-079987619A47}.Debug|Any CPU.Build.0 = Debug|Any CPU
		{A2DD0255-29E8-4824-81A2-079987619A47}.Release|Any CPU.ActiveCfg = Release|Any CPU
		{A2DD0255-29E8-4824-81A2-079987619A47}.Release|Any CPU.Build.0 = Release|Any CPU
		{67352173-A18C-4AE1-B55C-FDB5F094918A}.Debug|Any CPU.ActiveCfg = Debug|Any CPU
		{67352173-A18C-4AE1-B55C-FDB5F094918A}.Debug|Any CPU.Build.0 = Debug|Any CPU
		{67352173-A18C-4AE1-B55C-FDB5F094918A}.Release|Any CPU.ActiveCfg = Release|Any CPU
		{67352173-A18C-4AE1-B55C-FDB5F094918A}.Release|Any CPU.Build.0 = Release|Any CPU
		{100992D8-CEAA-4C63-BBC6-37B3D3E1C418}.Debug|Any CPU.ActiveCfg = Debug|Any CPU
		{100992D8-CEAA-4C63-BBC6-37B3D3E1C418}.Debug|Any CPU.Build.0 = Debug|Any CPU
		{100992D8-CEAA-4C63-BBC6-37B3D3E1C418}.Release|Any CPU.ActiveCfg = Release|Any CPU
		{100992D8-CEAA-4C63-BBC6-37B3D3E1C418}.Release|Any CPU.Build.0 = Release|Any CPU
		{EFA7B847-A481-4811-AA19-2F00E46E3654}.Debug|Any CPU.ActiveCfg = Debug|Any CPU
		{EFA7B847-A481-4811-AA19-2F00E46E3654}.Debug|Any CPU.Build.0 = Debug|Any CPU
		{EFA7B847-A481-4811-AA19-2F00E46E3654}.Release|Any CPU.ActiveCfg = Release|Any CPU
		{EFA7B847-A481-4811-AA19-2F00E46E3654}.Release|Any CPU.Build.0 = Release|Any CPU
		{7877F9AD-5796-4BC3-8DDB-9E27A66ED816}.Debug|Any CPU.ActiveCfg = Debug|Any CPU
		{7877F9AD-5796-4BC3-8DDB-9E27A66ED816}.Debug|Any CPU.Build.0 = Debug|Any CPU
		{7877F9AD-5796-4BC3-8DDB-9E27A66ED816}.Release|Any CPU.ActiveCfg = Release|Any CPU
		{7877F9AD-5796-4BC3-8DDB-9E27A66ED816}.Release|Any CPU.Build.0 = Release|Any CPU
		{C96740F7-3464-461E-A73E-E5F208F450E5}.Debug|Any CPU.ActiveCfg = Debug|Any CPU
		{C96740F7-3464-461E-A73E-E5F208F450E5}.Debug|Any CPU.Build.0 = Debug|Any CPU
		{C96740F7-3464-461E-A73E-E5F208F450E5}.Release|Any CPU.ActiveCfg = Release|Any CPU
		{C96740F7-3464-461E-A73E-E5F208F450E5}.Release|Any CPU.Build.0 = Release|Any CPU
		{6AE3A01C-E0C5-4964-B433-49F5567C5269}.Debug|Any CPU.ActiveCfg = Debug|Any CPU
		{6AE3A01C-E0C5-4964-B433-49F5567C5269}.Debug|Any CPU.Build.0 = Debug|Any CPU
		{6AE3A01C-E0C5-4964-B433-49F5567C5269}.Release|Any CPU.ActiveCfg = Release|Any CPU
		{6AE3A01C-E0C5-4964-B433-49F5567C5269}.Release|Any CPU.Build.0 = Release|Any CPU
		{A2B77A2B-EACC-48BD-8072-088F382816EE}.Debug|Any CPU.ActiveCfg = Debug|Any CPU
		{A2B77A2B-EACC-48BD-8072-088F382816EE}.Debug|Any CPU.Build.0 = Debug|Any CPU
		{A2B77A2B-EACC-48BD-8072-088F382816EE}.Release|Any CPU.ActiveCfg = Release|Any CPU
		{A2B77A2B-EACC-48BD-8072-088F382816EE}.Release|Any CPU.Build.0 = Release|Any CPU
		{2E0466D9-43C2-4800-A126-4C8B2D11F157}.Debug|Any CPU.ActiveCfg = Debug|Any CPU
		{2E0466D9-43C2-4800-A126-4C8B2D11F157}.Debug|Any CPU.Build.0 = Debug|Any CPU
		{2E0466D9-43C2-4800-A126-4C8B2D11F157}.Release|Any CPU.ActiveCfg = Release|Any CPU
		{2E0466D9-43C2-4800-A126-4C8B2D11F157}.Release|Any CPU.Build.0 = Release|Any CPU
		{B3F0941F-513F-47F0-92E5-72798774FD77}.Debug|Any CPU.ActiveCfg = Debug|Any CPU
		{B3F0941F-513F-47F0-92E5-72798774FD77}.Debug|Any CPU.Build.0 = Debug|Any CPU
		{B3F0941F-513F-47F0-92E5-72798774FD77}.Release|Any CPU.ActiveCfg = Release|Any CPU
		{B3F0941F-513F-47F0-92E5-72798774FD77}.Release|Any CPU.Build.0 = Release|Any CPU
	EndGlobalSection
	GlobalSection(SolutionProperties) = preSolution
		HideSolutionNode = FALSE
	EndGlobalSection
	GlobalSection(NestedProjects) = preSolution
		{584F589A-8522-400C-B047-63E47574979E} = {D47F6A9E-F035-476D-94B6-1DB29E98D10B}
		{F3672E99-6112-4034-95CF-F763C58A1E07} = {D47F6A9E-F035-476D-94B6-1DB29E98D10B}
		{ECE742CE-0A12-4E10-86FA-FEA69138C184} = {D47F6A9E-F035-476D-94B6-1DB29E98D10B}
		{F783588D-AFF1-4400-AA38-BD025C475016} = {D47F6A9E-F035-476D-94B6-1DB29E98D10B}
		{1034F592-ADE0-4714-9A0B-D171A461C92E} = {D47F6A9E-F035-476D-94B6-1DB29E98D10B}
		{221C534D-42F9-4B5A-8E2D-EC5A9C696921} = {D47F6A9E-F035-476D-94B6-1DB29E98D10B}
		{9E000DCE-E0AA-414F-9C10-1AE65B61C787} = {D47F6A9E-F035-476D-94B6-1DB29E98D10B}
		{96759AF8-67E9-4E17-95A5-4AF8CBFF2FB1} = {D47F6A9E-F035-476D-94B6-1DB29E98D10B}
		{CA760224-521A-4B38-8DE5-D7D949C1F439} = {D47F6A9E-F035-476D-94B6-1DB29E98D10B}
		{A2DD0255-29E8-4824-81A2-079987619A47} = {21964C4A-6E37-4A07-907E-DA09272BBC9A}
		{67352173-A18C-4AE1-B55C-FDB5F094918A} = {21964C4A-6E37-4A07-907E-DA09272BBC9A}
		{100992D8-CEAA-4C63-BBC6-37B3D3E1C418} = {21964C4A-6E37-4A07-907E-DA09272BBC9A}
		{EFA7B847-A481-4811-AA19-2F00E46E3654} = {21964C4A-6E37-4A07-907E-DA09272BBC9A}
		{7877F9AD-5796-4BC3-8DDB-9E27A66ED816} = {21964C4A-6E37-4A07-907E-DA09272BBC9A}
		{C96740F7-3464-461E-A73E-E5F208F450E5} = {21964C4A-6E37-4A07-907E-DA09272BBC9A}
		{6AE3A01C-E0C5-4964-B433-49F5567C5269} = {21964C4A-6E37-4A07-907E-DA09272BBC9A}
		{A2B77A2B-EACC-48BD-8072-088F382816EE} = {21964C4A-6E37-4A07-907E-DA09272BBC9A}
		{2E0466D9-43C2-4800-A126-4C8B2D11F157} = {21964C4A-6E37-4A07-907E-DA09272BBC9A}
		{B3F0941F-513F-47F0-92E5-72798774FD77} = {21964C4A-6E37-4A07-907E-DA09272BBC9A}
	EndGlobalSection
	GlobalSection(ExtensibilityGlobals) = postSolution
		SolutionGuid = {25BF89BD-5EEB-4943-95FA-5E2017FD4E21}
	EndGlobalSection
EndGlobal
